
Microsoft Visual Studio Solution File, Format Version 12.00
# Visual Studio Version 16
VisualStudioVersion = 16.0.30907.101
MinimumVisualStudioVersion = 10.0.40219.1
Project("{FAE04EC0-301F-11D3-BF4B-00C04F79EFBC}") = "TouristWorld", "TouristWorld\TouristWorld.csproj", "{A079F605-A44D-408B-B202-739986670067}"
EndProject
Global
	GlobalSection(SolutionConfigurationPlatforms) = preSolution
		Debug|Any CPU = Debug|Any CPU
		Release|Any CPU = Release|Any CPU
	EndGlobalSection
	GlobalSection(ProjectConfigurationPlatforms) = postSolution
		{A079F605-A44D-408B-B202-739986670067}.Debug|Any CPU.ActiveCfg = Debug|Any CPU
		{A079F605-A44D-408B-B202-739986670067}.Debug|Any CPU.Build.0 = Debug|Any CPU
		{A079F605-A44D-408B-B202-739986670067}.Release|Any CPU.ActiveCfg = Release|Any CPU
		{A079F605-A44D-408B-B202-739986670067}.Release|Any CPU.Build.0 = Release|Any CPU
	EndGlobalSection
	GlobalSection(SolutionProperties) = preSolution
		HideSolutionNode = FALSE
	EndGlobalSection
	GlobalSection(ExtensibilityGlobals) = postSolution
		SolutionGuid = {99D99D43-E029-4F3D-AC14-FD3B6B319D55}
	EndGlobalSection
EndGlobal
